{
  "name": "example-appt",
  "version": "1.0.0",
  "lockfileVersion": 3,
  "requires": true,
  "packages": {
    "": {
      "name": "example-appt",
      "version": "1.0.0",
      "license": "MIT",
      "dependencies": {
        "ursys": "file:../_ur"
      }
    },
    "../_ur": {
      "version": "0.0.1",
      "dependencies": {
        "esbuild": "^v0.25.0",
        "esbuild-plugin-copy": "^2.1.1",
        "esbuild-plugin-umd-wrapper": "^2.0.0",
        "express": "^4.19.2",
        "fs-extra": "^11.3.0",
        "keyv": "^4.5.4",
        "keyv-file": "^0.2.0",
        "serve-index": "^1.9.1",
        "tsx": "^4.19.3",
        "typescript": "^5.7.3",
        "ws": "^8.14.2"
      },
      "devDependencies": {
        "@types/node": "^20.14.12",
        "vitest": "^3.0.7"
      },
      "engines": {
        "node": ">=18.18.2"
      }
    },
    "node_modules/ursys": {
      "resolved": "../_ur",
      "link": true
    }
  }
}
