{
  "name": "example-appt",
  "version": "1.0.0",
  "lockfileVersion": 3,
  "requires": true,
  "packages": {
    "": {
      "name": "example-appt",
      "version": "1.0.0",
      "license": "MIT",
      "dependencies": {
        "ursys": "file:../_ur"
      }
    },
    "../_ur": {
      "name": "ursys",
      "version": "0.1",
      "dependencies": {
        "fs-extra": "^11.3.0",
        "keyv": "^4.5.4",
        "keyv-file": "^0.2.0",
        "lokijs": "^1.5.12",
        "node-dir": "^0.1.17",
        "ws": "^8.14.2"
      },
      "devDependencies": {
        "@types/node": "^20.14.12",
        "esbuild": "^v0.25.0",
        "esbuild-plugin-copy": "^2.1.1",
        "esbuild-plugin-umd-wrapper": "^2.0.0",
        "rollup-plugin-dts": "^6.1.1",
        "vitest": "^3.0.7"
      }
    },
    "node_modules/ursys": {
      "resolved": "../_ur",
      "link": true
    }
  }
}
