{
  "name": "example-appt",
  "version": "1.0.0",
  "lockfileVersion": 3,
  "requires": true,
  "packages": {
    "": {
      "name": "example-appt",
      "version": "1.0.0",
      "license": "MIT",
      "dependencies": {
        "ursys": "file:../_ur/_tgz/ursys-0.0.1.tgz"
      }
    },
    "node_modules/ursys": {
      "version": "0.0.1",
      "resolved": "file:../_ur/_tgz/ursys-0.0.1.tgz",
      "integrity": "sha512-L31uZXGNrxaqsDI4wu/3J2zXJ8TX+zpw7CE/8URc2Bhyhd9XnH4WsISKmjnD80XP7xcPNTtok+t6mZ8TNGeF7A==",
      "license": "MIT",
      "workspaces": [
        "_ur/",
        "_ur_addons/",
        "_exports"
      ]
    },
    "node_modules/ursys/_ur": {
      "extraneous": true
    }
  }
}
