{
  "name": "sna-test",
  "version": "1.0.0",
  "lockfileVersion": 3,
  "requires": true,
  "packages": {
    "": {
      "name": "sna-test",
      "version": "1.0.0",
      "license": "MIT",
      "dependencies": {
        "txtgen": "^3.0.7",
        "ursys": "https://dsriseah.com/_tarballs/ursys-0.0.1.tgz"
      }
    },
    "../_ur": {
      "name": "ursys",
      "version": "0.0.1",
      "extraneous": true,
      "dependencies": {
        "fs-extra": "^11.3.0",
        "keyv": "^4.5.4",
        "keyv-file": "^0.2.0",
        "lokijs": "^1.5.12",
        "node-dir": "^0.1.17",
        "ws": "^8.14.2"
      },
      "devDependencies": {
        "@types/node": "^20.14.12",
        "esbuild": "^v0.25.0",
        "esbuild-plugin-copy": "^2.1.1",
        "esbuild-plugin-umd-wrapper": "^2.0.0",
        "rollup-plugin-dts": "^6.1.1",
        "vitest": "^3.0.7"
      }
    },
    "node_modules/txtgen": {
      "version": "3.0.7",
      "resolved": "https://registry.npmjs.org/txtgen/-/txtgen-3.0.7.tgz",
      "integrity": "sha512-1yIREceryZibOmv3CU+rUFTnGJLLSyiB336E9P5+cRru8RLoSAzmm6F6ACkaSoC3uCWykICMKm5GGNlriJxdbA==",
      "engines": {
        "node": ">= 18"
      }
    },
    "node_modules/ursys": {
      "version": "0.0.1",
      "resolved": "https://dsriseah.com/_tarballs/ursys-0.0.1.tgz",
      "integrity": "sha512-YmhewatsgTtVGJSpJ1+4IyvOqae8hhnXS70/hi3dIdhtGXW6JtSGt51/XDEYw9JK/RZu5pLfz8Q4xUhuD9A/3A==",
      "license": "MIT",
      "workspaces": [
        "_ur/",
        "_ur_addons/"
      ]
    }
  }
}
