{
  "name": "sna-test",
  "version": "1.0.0",
  "lockfileVersion": 3,
  "requires": true,
  "packages": {
    "": {
      "name": "sna-test",
      "version": "1.0.0",
      "license": "MIT",
      "dependencies": {
        "@ursys/core": "file:../_ur",
        "txtgen": "^3.0.7"
      }
    },
    "../_ur": {
      "name": "@ursys/core",
      "version": "0.1",
      "dependencies": {
        "fs-extra": "^11.1.1",
        "keyv": "^4.5.4",
        "keyv-file": "^0.2.0",
        "lokijs": "^1.5.12",
        "node-dir": "^0.1.17",
        "ws": "^8.14.2"
      },
      "devDependencies": {
        "@types/node": "^20.14.12",
        "esbuild": "^0.21.4",
        "esbuild-plugin-copy": "^2.1.1",
        "esbuild-plugin-umd-wrapper": "^2.0.0",
        "rollup-plugin-dts": "^6.1.1",
        "ts-node": "^10.9.1",
        "vitest": "^1.6.0"
      }
    },
    "node_modules/@ursys/core": {
      "resolved": "../_ur",
      "link": true
    },
    "node_modules/txtgen": {
      "version": "3.0.7",
      "resolved": "https://registry.npmjs.org/txtgen/-/txtgen-3.0.7.tgz",
      "integrity": "sha512-1yIREceryZibOmv3CU+rUFTnGJLLSyiB336E9P5+cRru8RLoSAzmm6F6ACkaSoC3uCWykICMKm5GGNlriJxdbA==",
      "engines": {
        "node": ">= 18"
      }
    }
  }
}
